lockfileVersion: '6.0'

settings:
  autoInstallPeers: true
  excludeLinksFromLockfile: false

dependencies:
  as-proto:
    specifier: ^1.3.0
    version: 1.3.0

devDependencies:
  '@graphprotocol/graph-ts':
    specifier: ^0.35.1
    version: 0.35.1
  as-proto-gen:
    specifier: ^1.3.0
    version: 1.3.0
  assemblyscript:
    specifier: ^0.27.27
    version: 0.27.27
  typescript:
    specifier: ^5.4.5
    version: 5.4.5

packages:

  /@graphprotocol/graph-ts@0.35.1:
    resolution: {integrity: sha512-74CfuQmf7JI76/XCC34FTkMMKeaf+3Pn0FIV3m9KNeaOJ+OI3CvjMIVRhOZdKcJxsFCBGaCCl0eQjh47xTjxKA==}
    dependencies:
      assemblyscript: 0.19.10
    dev: true

  /@types/humps@2.0.6:
    resolution: {integrity: sha512-Fagm1/a/1J9gDKzGdtlPmmTN5eSw/aaTzHtj740oSfo+MODsSY2WglxMmhTdOglC8nxqUhGGQ+5HfVtBvxo3Kg==}
    dev: true

  /as-proto-gen@1.3.0:
    resolution: {integrity: sha512-dHuDXVq9CXpvCA+jJqN4fmH3fKrRfV/voQkKRUP6qUAGEvYRPkujuN4PgGqRn1VoiFnR0EWqgr8Vsk7oa0EexA==}
    hasBin: true
    dependencies:
      '@types/humps': 2.0.6
      fs-extra: 10.1.0
      google-protobuf: 3.21.2
      humps: 2.0.1
      prettier: 2.8.8
    dev: true

  /as-proto@1.3.0:
    resolution: {integrity: sha512-Lo3x+OHMScDUX7I3meKf8tNUrMffLIZp6S7bhkbZPEVK9F2uLhoYcUHnYLjNLjmk7SOyofGtiGFJ7SmAwVMwAg==}
    dev: false

  /assemblyscript@0.19.10:
    resolution: {integrity: sha512-HavcUBXB3mBTRGJcpvaQjmnmaqKHBGREjSPNsIvnAk2f9dj78y4BkMaSSdvBQYWcDDzsHQjyUC8stICFkD1Odg==}
    hasBin: true
    dependencies:
      binaryen: 101.0.0-nightly.20210723
      long: 4.0.0
    dev: true

  /assemblyscript@0.27.27:
    resolution: {integrity: sha512-z4ijXsjjk3uespEeCWpO1K2GQySc6bn+LL5dL0tsC2VXNYKFnKDmAh3wefcKazxXHFVhYlxqNfyv96ajaQyINQ==}
    engines: {node: '>=16', npm: '>=7'}
    hasBin: true
    dependencies:
      binaryen: 116.0.0-nightly.20240114
      long: 5.2.3
    dev: true

  /binaryen@101.0.0-nightly.20210723:
    resolution: {integrity: sha512-eioJNqhHlkguVSbblHOtLqlhtC882SOEPKmNFZaDuz1hzQjolxZ+eu3/kaS10n3sGPONsIZsO7R9fR00UyhEUA==}
    hasBin: true
    dev: true

  /binaryen@116.0.0-nightly.20240114:
    resolution: {integrity: sha512-0GZrojJnuhoe+hiwji7QFaL3tBlJoA+KFUN7ouYSDGZLSo9CKM8swQX8n/UcbR0d1VuZKU+nhogNzv423JEu5A==}
    hasBin: true
    dev: true

  /fs-extra@10.1.0:
    resolution: {integrity: sha512-oRXApq54ETRj4eMiFzGnHWGy+zo5raudjuxN0b8H7s/RU2oW0Wvsx9O0ACRN/kRq9E8Vu/ReskGB5o3ji+FzHQ==}
    engines: {node: '>=12'}
    dependencies:
      graceful-fs: 4.2.11
      jsonfile: 6.1.0
      universalify: 2.0.1
    dev: true

  /google-protobuf@3.21.2:
    resolution: {integrity: sha512-3MSOYFO5U9mPGikIYCzK0SaThypfGgS6bHqrUGXG3DPHCrb+txNqeEcns1W0lkGfk0rCyNXm7xB9rMxnCiZOoA==}
    dev: true

  /graceful-fs@4.2.11:
    resolution: {integrity: sha512-RbJ5/jmFcNNCcDV5o9eTnBLJ/HszWV0P73bc+Ff4nS/rJj+YaS6IGyiOL0VoBYX+l1Wrl3k63h/KrH+nhJ0XvQ==}
    dev: true

  /humps@2.0.1:
    resolution: {integrity: sha512-E0eIbrFWUhwfXJmsbdjRQFQPrl5pTEoKlz163j1mTqqUnU9PgR4AgB8AIITzuB3vLBdxZXyZ9TDIrwB2OASz4g==}
    dev: true

  /jsonfile@6.1.0:
    resolution: {integrity: sha512-5dgndWOriYSm5cnYaJNhalLNDKOqFwyDB/rr1E9ZsGciGvKPs8R2xYGCacuf3z6K1YKDz182fd+fY3cn3pMqXQ==}
    dependencies:
      universalify: 2.0.1
    optionalDependencies:
      graceful-fs: 4.2.11
    dev: true

  /long@4.0.0:
    resolution: {integrity: sha512-XsP+KhQif4bjX1kbuSiySJFNAehNxgLb6hPRGJ9QsUr8ajHkuXGdrHmFUTUUXhDwVX2R5bY4JNZEwbUiMhV+MA==}
    dev: true

  /long@5.2.3:
    resolution: {integrity: sha512-lcHwpNoggQTObv5apGNCTdJrO69eHOZMi4BNC+rTLER8iHAqGrUVeLh/irVIM7zTw2bOXA8T6uNPeujwOLg/2Q==}
    dev: true

  /prettier@2.8.8:
    resolution: {integrity: sha512-tdN8qQGvNjw4CHbY+XXk0JgCXn9QiF21a55rBe5LJAU+kDyC4WQn4+awm2Xfk2lQMk5fKup9XgzTZtGkjBdP9Q==}
    engines: {node: '>=10.13.0'}
    hasBin: true
    dev: true

  /typescript@5.4.5:
    resolution: {integrity: sha512-vcI4UpRgg81oIRUFwR0WSIHKt11nJ7SAVlYNIu+QpqeyXP+gpQJy/Z4+F0aGxSE4MqwjyXvW/TzgkLAx2AGHwQ==}
    engines: {node: '>=14.17'}
    hasBin: true
    dev: true

  /universalify@2.0.1:
    resolution: {integrity: sha512-gptHNQghINnc/vTGIk0SOFGFNXw7JVrlRUtConJRlvaw6DuX0wO5Jeko9sWrMBhh+PsYAZ7oXAiOnf/UKogyiw==}
    engines: {node: '>= 10.0.0'}
    dev: true
